
Microsoft Visual Studio Solution File, Format Version 12.00
Project("{F2A71F9B-5D33-465A-A702-920D77279786}") = "Assignment02", "Assignment02\Assignment02.fsproj", "{30198E81-2404-432E-88FA-EC1DC8274D44}"
EndProject
Global
	GlobalSection(SolutionConfigurationPlatforms) = preSolution
		Debug|Any CPU = Debug|Any CPU
		Release|Any CPU = Release|Any CPU
	EndGlobalSection
	GlobalSection(ProjectConfigurationPlatforms) = postSolution
		{30198E81-2404-432E-88FA-EC1DC8274D44}.Debug|Any CPU.ActiveCfg = Debug|Any CPU
		{30198E81-2404-432E-88FA-EC1DC8274D44}.Debug|Any CPU.Build.0 = Debug|Any CPU
		{30198E81-2404-432E-88FA-EC1DC8274D44}.Release|Any CPU.ActiveCfg = Release|Any CPU
		{30198E81-2404-432E-88FA-EC1DC8274D44}.Release|Any CPU.Build.0 = Release|Any CPU
	EndGlobalSection
EndGlobal
