
Microsoft Visual Studio Solution File, Format Version 12.00
Project("{F2A71F9B-5D33-465A-A702-920D77279786}") = "Assignment07", "Assignment07\Assignment07.fsproj", "{D66EE05B-5E69-4D91-819B-C4A94DB51775}"
EndProject
Global
	GlobalSection(SolutionConfigurationPlatforms) = preSolution
		Debug|Any CPU = Debug|Any CPU
		Release|Any CPU = Release|Any CPU
	EndGlobalSection
	GlobalSection(ProjectConfigurationPlatforms) = postSolution
		{D66EE05B-5E69-4D91-819B-C4A94DB51775}.Debug|Any CPU.ActiveCfg = Debug|Any CPU
		{D66EE05B-5E69-4D91-819B-C4A94DB51775}.Debug|Any CPU.Build.0 = Debug|Any CPU
		{D66EE05B-5E69-4D91-819B-C4A94DB51775}.Release|Any CPU.ActiveCfg = Release|Any CPU
		{D66EE05B-5E69-4D91-819B-C4A94DB51775}.Release|Any CPU.Build.0 = Release|Any CPU
	EndGlobalSection
EndGlobal
