
Microsoft Visual Studio Solution File, Format Version 12.00
Project("{F2A71F9B-5D33-465A-A702-920D77279786}") = "Assignment05", "Assignment05\Assignment05.fsproj", "{CB13A0E9-7B5F-4772-8C1E-15878E55AD55}"
EndProject
Project("{FAE04EC0-301F-11D3-BF4B-00C04F79EFBC}") = "CSharp05", "CSharp05\CSharp05.csproj", "{85893482-C490-4810-87E4-505E8543B4BB}"
EndProject
Global
	GlobalSection(SolutionConfigurationPlatforms) = preSolution
		Debug|Any CPU = Debug|Any CPU
		Release|Any CPU = Release|Any CPU
	EndGlobalSection
	GlobalSection(ProjectConfigurationPlatforms) = postSolution
		{CB13A0E9-7B5F-4772-8C1E-15878E55AD55}.Debug|Any CPU.ActiveCfg = Debug|Any CPU
		{CB13A0E9-7B5F-4772-8C1E-15878E55AD55}.Debug|Any CPU.Build.0 = Debug|Any CPU
		{CB13A0E9-7B5F-4772-8C1E-15878E55AD55}.Release|Any CPU.ActiveCfg = Release|Any CPU
		{CB13A0E9-7B5F-4772-8C1E-15878E55AD55}.Release|Any CPU.Build.0 = Release|Any CPU
		{85893482-C490-4810-87E4-505E8543B4BB}.Debug|Any CPU.ActiveCfg = Debug|Any CPU
		{85893482-C490-4810-87E4-505E8543B4BB}.Debug|Any CPU.Build.0 = Debug|Any CPU
		{85893482-C490-4810-87E4-505E8543B4BB}.Release|Any CPU.ActiveCfg = Release|Any CPU
		{85893482-C490-4810-87E4-505E8543B4BB}.Release|Any CPU.Build.0 = Release|Any CPU
	EndGlobalSection
EndGlobal
